
Microsoft Visual Studio Solution File, Format Version 12.00
# Visual Studio 15
VisualStudioVersion = 15.0.28307.645
MinimumVisualStudioVersion = 10.0.40219.1
Project("{FAE04EC0-301F-11D3-BF4B-00C04F79EFBC}") = "VMwareUtilities", "VMwareUtilities.csproj", "{3BA9A814-DEDF-4D04-96C3-B1C233AFC744}"
EndProject
Global
	GlobalSection(SolutionConfigurationPlatforms) = preSolution
		Debug|Any CPU = Debug|Any CPU
		Release|Any CPU = Release|Any CPU
	EndGlobalSection
	GlobalSection(ProjectConfigurationPlatforms) = postSolution
		{3BA9A814-DEDF-4D04-96C3-B1C233AFC744}.Debug|Any CPU.ActiveCfg = Debug|Any CPU
		{3BA9A814-DEDF-4D04-96C3-B1C233AFC744}.Debug|Any CPU.Build.0 = Debug|Any CPU
		{3BA9A814-DEDF-4D04-96C3-B1C233AFC744}.Release|Any CPU.ActiveCfg = Release|Any CPU
		{3BA9A814-DEDF-4D04-96C3-B1C233AFC744}.Release|Any CPU.Build.0 = Release|Any CPU
	EndGlobalSection
	GlobalSection(SolutionProperties) = preSolution
		HideSolutionNode = FALSE
	EndGlobalSection
	GlobalSection(ExtensibilityGlobals) = postSolution
		SolutionGuid = {99216A9D-0E41-4C72-A288-DFD9FA4F48C9}
	EndGlobalSection
EndGlobal
